// !$*UTF8*$!
{
	archiveVersion = 1;
	classes = {
	};
	objectVersion = 46;
	objects = {

/* Begin PBXBuildFile section */
		06320C4314509DBB00C37973 /* UIKit.framework in Frameworks */ = {isa = PBXBuildFile; fileRef = 06320C4214509DBB00C37973 /* UIKit.framework */; };
		06320C4D14509DBB00C37973 /* InfoPlist.strings in Resources */ = {isa = PBXBuildFile; fileRef = 06320C4B14509DBB00C37973 /* InfoPlist.strings */; };
		06320C4F14509DBB00C37973 /* main.m in Sources */ = {isa = PBXBuildFile; fileRef = 06320C4E14509DBB00C37973 /* main.m */; };
		06320C5314509DBB00C37973 /* AppDelegate.m in Sources */ = {isa = PBXBuildFile; fileRef = 06320C5214509DBB00C37973 /* AppDelegate.m */; };
		06320C5614509DBB00C37973 /* MainStoryboard.storyboard in Resources */ = {isa = PBXBuildFile; fileRef = 06320C5414509DBB00C37973 /* MainStoryboard.storyboard */; };
		06320C5914509DBB00C37973 /* ViewController.m in Sources */ = {isa = PBXBuildFile; fileRef = 06320C5814509DBB00C37973 /* ViewController.m */; };
		0648C5761471559E00CEB38F /* Foundation.framework in Frameworks */ = {isa = PBXBuildFile; fileRef = 06320C4414509DBB00C37973 /* Foundation.framework */; };
		0648C577147155A500CEB38F /* CoreGraphics.framework in Frameworks */ = {isa = PBXBuildFile; fileRef = 06320C4614509DBB00C37973 /* CoreGraphics.framework */; };
		0A76A8B618ABBAB2008EB9A2 /* Default-568h@2x.png in Resources */ = {isa = PBXBuildFile; fileRef = 0A76A8B518ABBAB2008EB9A2 /* Default-568h@2x.png */; };
		0A7CCCBB18BFC1CE009FF051 /* samples in Resources */ = {isa = PBXBuildFile; fileRef = 0A7CCCBA18BFC1CE009FF051 /* samples */; };
		0A7DFEE718A7F7F60033D747 /* DrawableVertex.m in Sources */ = {isa = PBXBuildFile; fileRef = 0A7DFEE618A7F7F60033D747 /* DrawableVertex.m */; };
		0A7E5E0818BBF331002E2451 /* DijkstraInput.m in Sources */ = {isa = PBXBuildFile; fileRef = 0A7E5E0718BBF331002E2451 /* DijkstraInput.m */; };
		0A7EC5C918B266C100092297 /* RandomLayoutCreator.m in Sources */ = {isa = PBXBuildFile; fileRef = 0A7EC5C818B266C100092297 /* RandomLayoutCreator.m */; };
		0A7EFBAF18BE060E0019D4AC /* SVGDumper.m in Sources */ = {isa = PBXBuildFile; fileRef = 0A7EFBAE18BE060E0019D4AC /* SVGDumper.m */; };
		0A7F1E1618ACF8E000FDE5AC /* GraphParser.m in Sources */ = {isa = PBXBuildFile; fileRef = 0A76A8B018ABA99D008EB9A2 /* GraphParser.m */; };
		0A7F1E1B18ACFCCA00FDE5AC /* DotDumper.m in Sources */ = {isa = PBXBuildFile; fileRef = 0A7F1E1A18ACFCCA00FDE5AC /* DotDumper.m */; };
		0A7FE29A18B2C09B004BA9DD /* DijkstraAlgorithm.m in Sources */ = {isa = PBXBuildFile; fileRef = 0A7FE29918B2C09B004BA9DD /* DijkstraAlgorithm.m */; };
		0A816EC918A8278800BDF675 /* DrawableEntityFactory.m in Sources */ = {isa = PBXBuildFile; fileRef = 0A816EC818A8278800BDF675 /* DrawableEntityFactory.m */; };
		0A816ECD18A833D700BDF675 /* EntityFactory.m in Sources */ = {isa = PBXBuildFile; fileRef = 0A816ECC18A833D700BDF675 /* EntityFactory.m */; };
		0A823B9C18BA4AEB00B2D3BC /* Color.m in Sources */ = {isa = PBXBuildFile; fileRef = 0A823B9B18BA4AEB00B2D3BC /* Color.m */; };
		0A83298818B62E9A008F1077 /* GreedyColoringAlgorithm.m in Sources */ = {isa = PBXBuildFile; fileRef = 0A83298718B62E9A008F1077 /* GreedyColoringAlgorithm.m */; };
		0A83D0FF18A9141A00767551 /* AbstractSaxParser.m in Sources */ = {isa = PBXBuildFile; fileRef = 0A83D0FE18A9141A00767551 /* AbstractSaxParser.m */; };
		0A84610318B4EA5200EB3FF0 /* DijkstraData.m in Sources */ = {isa = PBXBuildFile; fileRef = 0A84610218B4EA5200EB3FF0 /* DijkstraData.m */; };
		0A84610F18B4F96100EB3FF0 /* PriorityQueue.m in Sources */ = {isa = PBXBuildFile; fileRef = 0A84610E18B4F96100EB3FF0 /* PriorityQueue.m */; };
		0A84611218B4FB2600EB3FF0 /* PriorityQueueItem.m in Sources */ = {isa = PBXBuildFile; fileRef = 0A84611118B4FB2500EB3FF0 /* PriorityQueueItem.m */; };
		0AC277CE18A429AC004863C8 /* GEXFParser.m in Sources */ = {isa = PBXBuildFile; fileRef = 0AC277C818A429AC004863C8 /* GEXFParser.m */; };
		0AC277CF18A429AC004863C8 /* GraphMLParser.m in Sources */ = {isa = PBXBuildFile; fileRef = 0AC277CA18A429AC004863C8 /* GraphMLParser.m */; };
		0AC277D018A429AD004863C8 /* XGMMLParser.m in Sources */ = {isa = PBXBuildFile; fileRef = 0AC277CD18A429AC004863C8 /* XGMMLParser.m */; };
		0AC277D918A42A24004863C8 /* Coord.m in Sources */ = {isa = PBXBuildFile; fileRef = 0AC277D218A42A23004863C8 /* Coord.m */; };
		0AC277DA18A42A24004863C8 /* Edge.m in Sources */ = {isa = PBXBuildFile; fileRef = 0AC277D418A42A24004863C8 /* Edge.m */; };
		0AC277DB18A42A24004863C8 /* Graph.m in Sources */ = {isa = PBXBuildFile; fileRef = 0AC277D618A42A24004863C8 /* Graph.m */; };
		0AC277DC18A42A24004863C8 /* Vertex.m in Sources */ = {isa = PBXBuildFile; fileRef = 0AC277D818A42A24004863C8 /* Vertex.m */; };
		245FFA3E18AD1C2600796C14 /* Storyboard.storyboard in Resources */ = {isa = PBXBuildFile; fileRef = 245FFA3D18AD1C2600796C14 /* Storyboard.storyboard */; };
		247BDB1518B56E4C004FDF7B /* DrawableGraph.m in Sources */ = {isa = PBXBuildFile; fileRef = 247BDB1418B56E4B004FDF7B /* DrawableGraph.m */; };
		248570FD18A97190000DAABD /* DrawableEdge.m in Sources */ = {isa = PBXBuildFile; fileRef = 248570FC18A97190000DAABD /* DrawableEdge.m */; };
		2485AA4418BABBDE003F1B95 /* SquGridLandscape.png in Resources */ = {isa = PBXBuildFile; fileRef = 2485AA4318BABBDE003F1B95 /* SquGridLandscape.png */; };
		248CB68318ACF8BB00F11E43 /* VertexView.m in Sources */ = {isa = PBXBuildFile; fileRef = 248CB68218ACF8BB00F11E43 /* VertexView.m */; };
		24F49DE118ABCEAD00E28E8E /* EdgeView.m in Sources */ = {isa = PBXBuildFile; fileRef = 24F49DE018ABCEAD00E28E8E /* EdgeView.m */; };
		3CC0AC0518BF8B2A0082FFED /* GraphDisplayerViewController.m in Sources */ = {isa = PBXBuildFile; fileRef = 3CC0AC0418BF8B2A0082FFED /* GraphDisplayerViewController.m */; };
		3CC0AC0818BF8B440082FFED /* MainMenuViewController.m in Sources */ = {isa = PBXBuildFile; fileRef = 3CC0AC0718BF8B430082FFED /* MainMenuViewController.m */; };
		F9E49B7318A3D3C700FAB88D /* cercle.png in Resources */ = {isa = PBXBuildFile; fileRef = F9E49B7218A3D3C700FAB88D /* cercle.png */; };
/* End PBXBuildFile section */

/* Begin PBXFileReference section */
		06320C3E14509DBB00C37973 /* graphApp.app */ = {isa = PBXFileReference; explicitFileType = wrapper.application; includeInIndex = 0; path = graphApp.app; sourceTree = BUILT_PRODUCTS_DIR; };
		06320C4214509DBB00C37973 /* UIKit.framework */ = {isa = PBXFileReference; lastKnownFileType = wrapper.framework; name = UIKit.framework; path = System/Library/Frameworks/UIKit.framework; sourceTree = SDKROOT; };
		06320C4414509DBB00C37973 /* Foundation.framework */ = {isa = PBXFileReference; lastKnownFileType = wrapper.framework; name = Foundation.framework; path = System/Library/Frameworks/Foundation.framework; sourceTree = SDKROOT; };
		06320C4614509DBB00C37973 /* CoreGraphics.framework */ = {isa = PBXFileReference; lastKnownFileType = wrapper.framework; name = CoreGraphics.framework; path = System/Library/Frameworks/CoreGraphics.framework; sourceTree = SDKROOT; };
		06320C4A14509DBB00C37973 /* ver-Info.plist */ = {isa = PBXFileReference; lastKnownFileType = text.plist.xml; path = "ver-Info.plist"; sourceTree = "<group>"; };
		06320C4C14509DBB00C37973 /* en */ = {isa = PBXFileReference; lastKnownFileType = text.plist.strings; name = en; path = en.lproj/InfoPlist.strings; sourceTree = "<group>"; };
		06320C4E14509DBB00C37973 /* main.m */ = {isa = PBXFileReference; lastKnownFileType = sourcecode.c.objc; path = main.m; sourceTree = "<group>"; };
		06320C5014509DBB00C37973 /* ver-Prefix.pch */ = {isa = PBXFileReference; lastKnownFileType = sourcecode.c.h; path = "ver-Prefix.pch"; sourceTree = "<group>"; };
		06320C5114509DBB00C37973 /* AppDelegate.h */ = {isa = PBXFileReference; lastKnownFileType = sourcecode.c.h; path = AppDelegate.h; sourceTree = "<group>"; };
		06320C5214509DBB00C37973 /* AppDelegate.m */ = {isa = PBXFileReference; lastKnownFileType = sourcecode.c.objc; path = AppDelegate.m; sourceTree = "<group>"; };
		06320C5514509DBB00C37973 /* en */ = {isa = PBXFileReference; lastKnownFileType = file.storyboard; name = en; path = en.lproj/MainStoryboard.storyboard; sourceTree = "<group>"; };
		06320C5714509DBB00C37973 /* ViewController.h */ = {isa = PBXFileReference; lastKnownFileType = sourcecode.c.h; path = ViewController.h; sourceTree = "<group>"; };
		06320C5814509DBB00C37973 /* ViewController.m */ = {isa = PBXFileReference; lastKnownFileType = sourcecode.c.objc; path = ViewController.m; sourceTree = "<group>"; };
		0A76A8AF18ABA99D008EB9A2 /* GraphParser.h */ = {isa = PBXFileReference; fileEncoding = 4; lastKnownFileType = sourcecode.c.h; path = GraphParser.h; sourceTree = "<group>"; };
		0A76A8B018ABA99D008EB9A2 /* GraphParser.m */ = {isa = PBXFileReference; fileEncoding = 4; lastKnownFileType = sourcecode.c.objc; path = GraphParser.m; sourceTree = "<group>"; };
		0A76A8B518ABBAB2008EB9A2 /* Default-568h@2x.png */ = {isa = PBXFileReference; lastKnownFileType = image.png; path = "Default-568h@2x.png"; sourceTree = "<group>"; };
		0A7CCCBA18BFC1CE009FF051 /* samples */ = {isa = PBXFileReference; lastKnownFileType = folder; path = samples; sourceTree = "<group>"; };
		0A7DFEE518A7F7F60033D747 /* DrawableVertex.h */ = {isa = PBXFileReference; fileEncoding = 4; lastKnownFileType = sourcecode.c.h; path = DrawableVertex.h; sourceTree = "<group>"; };
		0A7DFEE618A7F7F60033D747 /* DrawableVertex.m */ = {isa = PBXFileReference; fileEncoding = 4; lastKnownFileType = sourcecode.c.objc; name = DrawableVertex.m; path = ../DrawableVertex.m; sourceTree = "<group>"; };
		0A7E5E0618BBF331002E2451 /* DijkstraInput.h */ = {isa = PBXFileReference; fileEncoding = 4; lastKnownFileType = sourcecode.c.h; path = DijkstraInput.h; sourceTree = "<group>"; };
		0A7E5E0718BBF331002E2451 /* DijkstraInput.m */ = {isa = PBXFileReference; fileEncoding = 4; lastKnownFileType = sourcecode.c.objc; path = DijkstraInput.m; sourceTree = "<group>"; };
		0A7E5E0918BBF342002E2451 /* AlgorithmInputProtocol.h */ = {isa = PBXFileReference; lastKnownFileType = sourcecode.c.h; path = AlgorithmInputProtocol.h; sourceTree = "<group>"; };
		0A7EC5C518B2663F00092297 /* LayoutCreatorProtocol.h */ = {isa = PBXFileReference; fileEncoding = 4; lastKnownFileType = sourcecode.c.h; path = LayoutCreatorProtocol.h; sourceTree = "<group>"; };
		0A7EC5C718B266C100092297 /* RandomLayoutCreator.h */ = {isa = PBXFileReference; fileEncoding = 4; lastKnownFileType = sourcecode.c.h; path = RandomLayoutCreator.h; sourceTree = "<group>"; };
		0A7EC5C818B266C100092297 /* RandomLayoutCreator.m */ = {isa = PBXFileReference; fileEncoding = 4; lastKnownFileType = sourcecode.c.objc; path = RandomLayoutCreator.m; sourceTree = "<group>"; };
		0A7EFBAD18BE060E0019D4AC /* SVGDumper.h */ = {isa = PBXFileReference; fileEncoding = 4; lastKnownFileType = sourcecode.c.h; path = SVGDumper.h; sourceTree = "<group>"; };
		0A7EFBAE18BE060E0019D4AC /* SVGDumper.m */ = {isa = PBXFileReference; fileEncoding = 4; lastKnownFileType = sourcecode.c.objc; path = SVGDumper.m; sourceTree = "<group>"; };
		0A7F1E1818ACFBB500FDE5AC /* DumperProtocol.h */ = {isa = PBXFileReference; fileEncoding = 4; lastKnownFileType = sourcecode.c.h; path = DumperProtocol.h; sourceTree = "<group>"; };
		0A7F1E1918ACFCCA00FDE5AC /* DotDumper.h */ = {isa = PBXFileReference; fileEncoding = 4; lastKnownFileType = sourcecode.c.h; path = DotDumper.h; sourceTree = "<group>"; };
		0A7F1E1A18ACFCCA00FDE5AC /* DotDumper.m */ = {isa = PBXFileReference; fileEncoding = 4; lastKnownFileType = sourcecode.c.objc; path = DotDumper.m; sourceTree = "<group>"; };
		0A7FE23D18B2C024004BA9DD /* AlgorithmProtocol.h */ = {isa = PBXFileReference; lastKnownFileType = sourcecode.c.h; path = AlgorithmProtocol.h; sourceTree = "<group>"; };
		0A7FE29818B2C09B004BA9DD /* DijkstraAlgorithm.h */ = {isa = PBXFileReference; fileEncoding = 4; lastKnownFileType = sourcecode.c.h; path = DijkstraAlgorithm.h; sourceTree = "<group>"; };
		0A7FE29918B2C09B004BA9DD /* DijkstraAlgorithm.m */ = {isa = PBXFileReference; fileEncoding = 4; lastKnownFileType = sourcecode.c.objc; path = DijkstraAlgorithm.m; sourceTree = "<group>"; };
		0A816EC418A825C100BDF675 /* GraphEntityFactoryProtocol.h */ = {isa = PBXFileReference; fileEncoding = 4; lastKnownFileType = sourcecode.c.h; path = GraphEntityFactoryProtocol.h; sourceTree = "<group>"; };
		0A816EC718A8278800BDF675 /* DrawableEntityFactory.h */ = {isa = PBXFileReference; fileEncoding = 4; lastKnownFileType = sourcecode.c.h; path = DrawableEntityFactory.h; sourceTree = "<group>"; };
		0A816EC818A8278800BDF675 /* DrawableEntityFactory.m */ = {isa = PBXFileReference; fileEncoding = 4; lastKnownFileType = sourcecode.c.objc; path = DrawableEntityFactory.m; sourceTree = "<group>"; };
		0A816ECB18A833D700BDF675 /* EntityFactory.h */ = {isa = PBXFileReference; fileEncoding = 4; lastKnownFileType = sourcecode.c.h; path = EntityFactory.h; sourceTree = "<group>"; };
		0A816ECC18A833D700BDF675 /* EntityFactory.m */ = {isa = PBXFileReference; fileEncoding = 4; lastKnownFileType = sourcecode.c.objc; path = EntityFactory.m; sourceTree = "<group>"; };
		0A823B9A18BA4AEB00B2D3BC /* Color.h */ = {isa = PBXFileReference; fileEncoding = 4; lastKnownFileType = sourcecode.c.h; path = Color.h; sourceTree = "<group>"; };
		0A823B9B18BA4AEB00B2D3BC /* Color.m */ = {isa = PBXFileReference; fileEncoding = 4; lastKnownFileType = sourcecode.c.objc; path = Color.m; sourceTree = "<group>"; };
		0A83298618B62E9A008F1077 /* GreedyColoringAlgorithm.h */ = {isa = PBXFileReference; fileEncoding = 4; lastKnownFileType = sourcecode.c.h; path = GreedyColoringAlgorithm.h; sourceTree = "<group>"; };
		0A83298718B62E9A008F1077 /* GreedyColoringAlgorithm.m */ = {isa = PBXFileReference; fileEncoding = 4; lastKnownFileType = sourcecode.c.objc; path = GreedyColoringAlgorithm.m; sourceTree = "<group>"; };
		0A83D0FD18A9141A00767551 /* AbstractSaxParser.h */ = {isa = PBXFileReference; fileEncoding = 4; lastKnownFileType = sourcecode.c.h; path = AbstractSaxParser.h; sourceTree = "<group>"; };
		0A83D0FE18A9141A00767551 /* AbstractSaxParser.m */ = {isa = PBXFileReference; fileEncoding = 4; lastKnownFileType = sourcecode.c.objc; path = AbstractSaxParser.m; sourceTree = "<group>"; };
		0A84610118B4EA5200EB3FF0 /* DijkstraData.h */ = {isa = PBXFileReference; fileEncoding = 4; lastKnownFileType = sourcecode.c.h; path = DijkstraData.h; sourceTree = "<group>"; };
		0A84610218B4EA5200EB3FF0 /* DijkstraData.m */ = {isa = PBXFileReference; fileEncoding = 4; lastKnownFileType = sourcecode.c.objc; path = DijkstraData.m; sourceTree = "<group>"; };
		0A84610D18B4F96100EB3FF0 /* PriorityQueue.h */ = {isa = PBXFileReference; fileEncoding = 4; lastKnownFileType = sourcecode.c.h; path = PriorityQueue.h; sourceTree = "<group>"; };
		0A84610E18B4F96100EB3FF0 /* PriorityQueue.m */ = {isa = PBXFileReference; fileEncoding = 4; lastKnownFileType = sourcecode.c.objc; path = PriorityQueue.m; sourceTree = "<group>"; };
		0A84611018B4FB2500EB3FF0 /* PriorityQueueItem.h */ = {isa = PBXFileReference; fileEncoding = 4; lastKnownFileType = sourcecode.c.h; path = PriorityQueueItem.h; sourceTree = "<group>"; };
		0A84611118B4FB2500EB3FF0 /* PriorityQueueItem.m */ = {isa = PBXFileReference; fileEncoding = 4; lastKnownFileType = sourcecode.c.objc; path = PriorityQueueItem.m; sourceTree = "<group>"; };
		0AC277C718A429AC004863C8 /* GEXFParser.h */ = {isa = PBXFileReference; fileEncoding = 4; lastKnownFileType = sourcecode.c.h; path = GEXFParser.h; sourceTree = "<group>"; };
		0AC277C818A429AC004863C8 /* GEXFParser.m */ = {isa = PBXFileReference; fileEncoding = 4; lastKnownFileType = sourcecode.c.objc; path = GEXFParser.m; sourceTree = "<group>"; };
		0AC277C918A429AC004863C8 /* GraphMLParser.h */ = {isa = PBXFileReference; fileEncoding = 4; lastKnownFileType = sourcecode.c.h; path = GraphMLParser.h; sourceTree = "<group>"; };
		0AC277CA18A429AC004863C8 /* GraphMLParser.m */ = {isa = PBXFileReference; fileEncoding = 4; lastKnownFileType = sourcecode.c.objc; path = GraphMLParser.m; sourceTree = "<group>"; };
		0AC277CB18A429AC004863C8 /* ParserProtocol.h */ = {isa = PBXFileReference; fileEncoding = 4; lastKnownFileType = sourcecode.c.h; path = ParserProtocol.h; sourceTree = "<group>"; };
		0AC277CC18A429AC004863C8 /* XGMMLParser.h */ = {isa = PBXFileReference; fileEncoding = 4; lastKnownFileType = sourcecode.c.h; path = XGMMLParser.h; sourceTree = "<group>"; };
		0AC277CD18A429AC004863C8 /* XGMMLParser.m */ = {isa = PBXFileReference; fileEncoding = 4; lastKnownFileType = sourcecode.c.objc; path = XGMMLParser.m; sourceTree = "<group>"; };
		0AC277D118A42A23004863C8 /* Coord.h */ = {isa = PBXFileReference; fileEncoding = 4; lastKnownFileType = sourcecode.c.h; path = Coord.h; sourceTree = "<group>"; };
		0AC277D218A42A23004863C8 /* Coord.m */ = {isa = PBXFileReference; fileEncoding = 4; lastKnownFileType = sourcecode.c.objc; path = Coord.m; sourceTree = "<group>"; };
		0AC277D318A42A23004863C8 /* Edge.h */ = {isa = PBXFileReference; fileEncoding = 4; lastKnownFileType = sourcecode.c.h; path = Edge.h; sourceTree = "<group>"; };
		0AC277D418A42A24004863C8 /* Edge.m */ = {isa = PBXFileReference; fileEncoding = 4; lastKnownFileType = sourcecode.c.objc; path = Edge.m; sourceTree = "<group>"; };
		0AC277D518A42A24004863C8 /* Graph.h */ = {isa = PBXFileReference; fileEncoding = 4; lastKnownFileType = sourcecode.c.h; path = Graph.h; sourceTree = "<group>"; };
		0AC277D618A42A24004863C8 /* Graph.m */ = {isa = PBXFileReference; fileEncoding = 4; lastKnownFileType = sourcecode.c.objc; path = Graph.m; sourceTree = "<group>"; };
		0AC277D718A42A24004863C8 /* Vertex.h */ = {isa = PBXFileReference; fileEncoding = 4; lastKnownFileType = sourcecode.c.h; path = Vertex.h; sourceTree = "<group>"; };
		0AC277D818A42A24004863C8 /* Vertex.m */ = {isa = PBXFileReference; fileEncoding = 4; lastKnownFileType = sourcecode.c.objc; path = Vertex.m; sourceTree = "<group>"; };
		245FFA3D18AD1C2600796C14 /* Storyboard.storyboard */ = {isa = PBXFileReference; fileEncoding = 4; lastKnownFileType = file.storyboard; path = Storyboard.storyboard; sourceTree = "<group>"; };
		247BDB1318B56E4B004FDF7B /* DrawableGraph.h */ = {isa = PBXFileReference; fileEncoding = 4; lastKnownFileType = sourcecode.c.h; path = DrawableGraph.h; sourceTree = "<group>"; };
		247BDB1418B56E4B004FDF7B /* DrawableGraph.m */ = {isa = PBXFileReference; fileEncoding = 4; lastKnownFileType = sourcecode.c.objc; path = DrawableGraph.m; sourceTree = "<group>"; };
		247F4B2B18BF662900040BBF /* UIBezierPath+dqd_arrowhead.h */ = {isa = PBXFileReference; fileEncoding = 4; lastKnownFileType = sourcecode.c.h; path = "UIBezierPath+dqd_arrowhead.h"; sourceTree = "<group>"; };
		247F4B2C18BF664900040BBF /* UIBezierPath+dqd_arrowhead.m */ = {isa = PBXFileReference; fileEncoding = 4; lastKnownFileType = sourcecode.c.objc; path = "UIBezierPath+dqd_arrowhead.m"; sourceTree = "<group>"; };
		248570FB18A97190000DAABD /* DrawableEdge.h */ = {isa = PBXFileReference; fileEncoding = 4; lastKnownFileType = sourcecode.c.h; path = DrawableEdge.h; sourceTree = "<group>"; };
		248570FC18A97190000DAABD /* DrawableEdge.m */ = {isa = PBXFileReference; fileEncoding = 4; lastKnownFileType = sourcecode.c.objc; path = DrawableEdge.m; sourceTree = "<group>"; };
		2485AA4318BABBDE003F1B95 /* SquGridLandscape.png */ = {isa = PBXFileReference; lastKnownFileType = image.png; path = SquGridLandscape.png; sourceTree = "<group>"; };
		248CB68118ACF8BB00F11E43 /* VertexView.h */ = {isa = PBXFileReference; fileEncoding = 4; lastKnownFileType = sourcecode.c.h; path = VertexView.h; sourceTree = "<group>"; };
		248CB68218ACF8BB00F11E43 /* VertexView.m */ = {isa = PBXFileReference; fileEncoding = 4; lastKnownFileType = sourcecode.c.objc; path = VertexView.m; sourceTree = "<group>"; };
		24F49DDF18ABCEAD00E28E8E /* EdgeView.h */ = {isa = PBXFileReference; fileEncoding = 4; lastKnownFileType = sourcecode.c.h; path = EdgeView.h; sourceTree = "<group>"; };
		24F49DE018ABCEAD00E28E8E /* EdgeView.m */ = {isa = PBXFileReference; fileEncoding = 4; lastKnownFileType = sourcecode.c.objc; path = EdgeView.m; sourceTree = "<group>"; };
		3CC0AC0318BF8B2A0082FFED /* GraphDisplayerViewController.h */ = {isa = PBXFileReference; fileEncoding = 4; lastKnownFileType = sourcecode.c.h; path = GraphDisplayerViewController.h; sourceTree = "<group>"; };
		3CC0AC0418BF8B2A0082FFED /* GraphDisplayerViewController.m */ = {isa = PBXFileReference; fileEncoding = 4; lastKnownFileType = sourcecode.c.objc; path = GraphDisplayerViewController.m; sourceTree = "<group>"; };
		3CC0AC0618BF8B430082FFED /* MainMenuViewController.h */ = {isa = PBXFileReference; fileEncoding = 4; lastKnownFileType = sourcecode.c.h; path = MainMenuViewController.h; sourceTree = "<group>"; };
		3CC0AC0718BF8B430082FFED /* MainMenuViewController.m */ = {isa = PBXFileReference; fileEncoding = 4; lastKnownFileType = sourcecode.c.objc; path = MainMenuViewController.m; sourceTree = "<group>"; };
		F9E49B7218A3D3C700FAB88D /* cercle.png */ = {isa = PBXFileReference; lastKnownFileType = image.png; path = cercle.png; sourceTree = "<group>"; };
/* End PBXFileReference section */

/* Begin PBXFrameworksBuildPhase section */
		06320C3B14509DBB00C37973 /* Frameworks */ = {
			isa = PBXFrameworksBuildPhase;
			buildActionMask = 2147483647;
			files = (
				0648C577147155A500CEB38F /* CoreGraphics.framework in Frameworks */,
				0648C5761471559E00CEB38F /* Foundation.framework in Frameworks */,
				06320C4314509DBB00C37973 /* UIKit.framework in Frameworks */,
			);
			runOnlyForDeploymentPostprocessing = 0;
		};
/* End PBXFrameworksBuildPhase section */

/* Begin PBXGroup section */
		06320C3314509DBB00C37973 = {
			isa = PBXGroup;
			children = (
				247F4B2A18BF65E900040BBF /* path */,
				0A84610618B4EE0200EB3FF0 /* data_structures */,
				0A7FE23C18B2C00F004BA9DD /* algorithm */,
				0A7EC5C418B2662100092297 /* layout */,
				245FFA3D18AD1C2600796C14 /* Storyboard.storyboard */,
				0A76A8B518ABBAB2008EB9A2 /* Default-568h@2x.png */,
				0A7F1E1718ACFB7F00FDE5AC /* dumper */,
				0AC277C618A42991004863C8 /* parser */,
				0AC277BD18A42924004863C8 /* model */,
				06320C5F14509DC000C37973 /* Resources */,
				06320C4814509DBB00C37973 /* view */,
				06320C4114509DBB00C37973 /* Frameworks */,
				06320C3F14509DBB00C37973 /* Products */,
			);
			sourceTree = "<group>";
		};
		06320C3F14509DBB00C37973 /* Products */ = {
			isa = PBXGroup;
			children = (
				06320C3E14509DBB00C37973 /* graphApp.app */,
			);
			name = Products;
			sourceTree = "<group>";
		};
		06320C4114509DBB00C37973 /* Frameworks */ = {
			isa = PBXGroup;
			children = (
				06320C4214509DBB00C37973 /* UIKit.framework */,
				06320C4414509DBB00C37973 /* Foundation.framework */,
				06320C4614509DBB00C37973 /* CoreGraphics.framework */,
			);
			name = Frameworks;
			sourceTree = "<group>";
		};
		06320C4814509DBB00C37973 /* view */ = {
			isa = PBXGroup;
			children = (
				3CC0AC0318BF8B2A0082FFED /* GraphDisplayerViewController.h */,
				3CC0AC0418BF8B2A0082FFED /* GraphDisplayerViewController.m */,
				3CC0AC0618BF8B430082FFED /* MainMenuViewController.h */,
				3CC0AC0718BF8B430082FFED /* MainMenuViewController.m */,
				06320C5114509DBB00C37973 /* AppDelegate.h */,
				06320C5214509DBB00C37973 /* AppDelegate.m */,
				06320C5414509DBB00C37973 /* MainStoryboard.storyboard */,
				06320C5714509DBB00C37973 /* ViewController.h */,
				0A7DFEE618A7F7F60033D747 /* DrawableVertex.m */,
				06320C5814509DBB00C37973 /* ViewController.m */,
				06320C4914509DBB00C37973 /* Supporting Files */,
			);
			name = view;
			path = ver;
			sourceTree = "<group>";
		};
		06320C4914509DBB00C37973 /* Supporting Files */ = {
			isa = PBXGroup;
			children = (
				06320C4A14509DBB00C37973 /* ver-Info.plist */,
				06320C4B14509DBB00C37973 /* InfoPlist.strings */,
				06320C4E14509DBB00C37973 /* main.m */,
				06320C5014509DBB00C37973 /* ver-Prefix.pch */,
			);
			name = "Supporting Files";
			sourceTree = "<group>";
		};
		06320C5F14509DC000C37973 /* Resources */ = {
			isa = PBXGroup;
			children = (
				0A7CCCBA18BFC1CE009FF051 /* samples */,
				F9E49B7218A3D3C700FAB88D /* cercle.png */,
				2485AA4318BABBDE003F1B95 /* SquGridLandscape.png */,
			);
			name = Resources;
			sourceTree = "<group>";
		};
		0A7DFEE318A7F7860033D747 /* domain */ = {
			isa = PBXGroup;
			children = (
				0AC277D118A42A23004863C8 /* Coord.h */,
				0AC277D218A42A23004863C8 /* Coord.m */,
				0AC277D318A42A23004863C8 /* Edge.h */,
				0AC277D418A42A24004863C8 /* Edge.m */,
				0AC277D518A42A24004863C8 /* Graph.h */,
				0AC277D618A42A24004863C8 /* Graph.m */,
				0AC277D718A42A24004863C8 /* Vertex.h */,
				0AC277D818A42A24004863C8 /* Vertex.m */,
				0A823B9A18BA4AEB00B2D3BC /* Color.h */,
				0A823B9B18BA4AEB00B2D3BC /* Color.m */,
			);
			name = domain;
			sourceTree = "<group>";
		};
		0A7DFEE418A7F7900033D747 /* view */ = {
			isa = PBXGroup;
			children = (
				247BDB1318B56E4B004FDF7B /* DrawableGraph.h */,
				247BDB1418B56E4B004FDF7B /* DrawableGraph.m */,
				0A7DFEE518A7F7F60033D747 /* DrawableVertex.h */,
				248CB68118ACF8BB00F11E43 /* VertexView.h */,
				248CB68218ACF8BB00F11E43 /* VertexView.m */,
				24F49DDF18ABCEAD00E28E8E /* EdgeView.h */,
				24F49DE018ABCEAD00E28E8E /* EdgeView.m */,
				248570FB18A97190000DAABD /* DrawableEdge.h */,
				248570FC18A97190000DAABD /* DrawableEdge.m */,
			);
			name = view;
			sourceTree = "<group>";
		};
		0A7EC5C418B2662100092297 /* layout */ = {
			isa = PBXGroup;
			children = (
				0A7EC5C518B2663F00092297 /* LayoutCreatorProtocol.h */,
				0A7EC5C718B266C100092297 /* RandomLayoutCreator.h */,
				0A7EC5C818B266C100092297 /* RandomLayoutCreator.m */,
			);
			name = layout;
			sourceTree = "<group>";
		};
		0A7F1E1718ACFB7F00FDE5AC /* dumper */ = {
			isa = PBXGroup;
			children = (
				0A7F1E1818ACFBB500FDE5AC /* DumperProtocol.h */,
				0A7F1E1918ACFCCA00FDE5AC /* DotDumper.h */,
				0A7F1E1A18ACFCCA00FDE5AC /* DotDumper.m */,
				0A7EFBAD18BE060E0019D4AC /* SVGDumper.h */,
				0A7EFBAE18BE060E0019D4AC /* SVGDumper.m */,
			);
			name = dumper;
			sourceTree = "<group>";
		};
		0A7FE23C18B2C00F004BA9DD /* algorithm */ = {
			isa = PBXGroup;
			children = (
				0A83298518B62DF6008F1077 /* coloration */,
				0A83298418B62CE2008F1077 /* shortest_path */,
				0A7FE23D18B2C024004BA9DD /* AlgorithmProtocol.h */,
				0A7E5E0918BBF342002E2451 /* AlgorithmInputProtocol.h */,
			);
			name = algorithm;
			sourceTree = "<group>";
		};
		0A816EC318A8259900BDF675 /* factory */ = {
			isa = PBXGroup;
			children = (
				0A816EC418A825C100BDF675 /* GraphEntityFactoryProtocol.h */,
				0A816EC718A8278800BDF675 /* DrawableEntityFactory.h */,
				0A816EC818A8278800BDF675 /* DrawableEntityFactory.m */,
				0A816ECB18A833D700BDF675 /* EntityFactory.h */,
				0A816ECC18A833D700BDF675 /* EntityFactory.m */,
			);
			name = factory;
			sourceTree = "<group>";
		};
		0A83298418B62CE2008F1077 /* shortest_path */ = {
			isa = PBXGroup;
			children = (
				0A7FE29818B2C09B004BA9DD /* DijkstraAlgorithm.h */,
				0A7FE29918B2C09B004BA9DD /* DijkstraAlgorithm.m */,
				0A84610118B4EA5200EB3FF0 /* DijkstraData.h */,
				0A84610218B4EA5200EB3FF0 /* DijkstraData.m */,
				0A7E5E0618BBF331002E2451 /* DijkstraInput.h */,
				0A7E5E0718BBF331002E2451 /* DijkstraInput.m */,
			);
			name = shortest_path;
			sourceTree = "<group>";
		};
		0A83298518B62DF6008F1077 /* coloration */ = {
			isa = PBXGroup;
			children = (
				0A83298618B62E9A008F1077 /* GreedyColoringAlgorithm.h */,
				0A83298718B62E9A008F1077 /* GreedyColoringAlgorithm.m */,
			);
			name = coloration;
			sourceTree = "<group>";
		};
		0A84610618B4EE0200EB3FF0 /* data_structures */ = {
			isa = PBXGroup;
			children = (
				0A84610D18B4F96100EB3FF0 /* PriorityQueue.h */,
				0A84610E18B4F96100EB3FF0 /* PriorityQueue.m */,
				0A84611018B4FB2500EB3FF0 /* PriorityQueueItem.h */,
				0A84611118B4FB2500EB3FF0 /* PriorityQueueItem.m */,
			);
			name = data_structures;
			sourceTree = "<group>";
		};
		0AC277BD18A42924004863C8 /* model */ = {
			isa = PBXGroup;
			children = (
				0A7DFEE418A7F7900033D747 /* view */,
				0A7DFEE318A7F7860033D747 /* domain */,
			);
			name = model;
			sourceTree = "<group>";
		};
		0AC277C618A42991004863C8 /* parser */ = {
			isa = PBXGroup;
			children = (
				0A816EC318A8259900BDF675 /* factory */,
				0AC277C718A429AC004863C8 /* GEXFParser.h */,
				0AC277C818A429AC004863C8 /* GEXFParser.m */,
				0AC277C918A429AC004863C8 /* GraphMLParser.h */,
				0AC277CA18A429AC004863C8 /* GraphMLParser.m */,
				0AC277CB18A429AC004863C8 /* ParserProtocol.h */,
				0AC277CC18A429AC004863C8 /* XGMMLParser.h */,
				0AC277CD18A429AC004863C8 /* XGMMLParser.m */,
				0A83D0FD18A9141A00767551 /* AbstractSaxParser.h */,
				0A83D0FE18A9141A00767551 /* AbstractSaxParser.m */,
				0A76A8AF18ABA99D008EB9A2 /* GraphParser.h */,
				0A76A8B018ABA99D008EB9A2 /* GraphParser.m */,
			);
			name = parser;
			sourceTree = "<group>";
		};
		247F4B2A18BF65E900040BBF /* path */ = {
			isa = PBXGroup;
			children = (
				247F4B2B18BF662900040BBF /* UIBezierPath+dqd_arrowhead.h */,
				247F4B2C18BF664900040BBF /* UIBezierPath+dqd_arrowhead.m */,
			);
			name = path;
			sourceTree = "<group>";
		};
/* End PBXGroup section */

/* Begin PBXNativeTarget section */
		06320C3D14509DBB00C37973 /* ver */ = {
			isa = PBXNativeTarget;
			buildConfigurationList = 06320C5C14509DBB00C37973 /* Build configuration list for PBXNativeTarget "ver" */;
			buildPhases = (
				06320C3A14509DBB00C37973 /* Sources */,
				06320C3B14509DBB00C37973 /* Frameworks */,
				06320C3C14509DBB00C37973 /* Resources */,
			);
			buildRules = (
			);
			dependencies = (
			);
			name = ver;
			productName = ver;
			productReference = 06320C3E14509DBB00C37973 /* graphApp.app */;
			productType = "com.apple.product-type.application";
		};
/* End PBXNativeTarget section */

/* Begin PBXProject section */
		06320C3514509DBB00C37973 /* Project object */ = {
			isa = PBXProject;
			attributes = {
				LastUpgradeCheck = 0460;
				TargetAttributes = {
					06320C3D14509DBB00C37973 = {
						DevelopmentTeam = SU3MJ6K9BB;
					};
				};
			};
			buildConfigurationList = 06320C3814509DBB00C37973 /* Build configuration list for PBXProject "ver" */;
			compatibilityVersion = "Xcode 3.2";
			developmentRegion = English;
			hasScannedForEncodings = 0;
			knownRegions = (
				en,
			);
			mainGroup = 06320C3314509DBB00C37973;
			productRefGroup = 06320C3F14509DBB00C37973 /* Products */;
			projectDirPath = "";
			projectRoot = "";
			targets = (
				06320C3D14509DBB00C37973 /* ver */,
			);
		};
/* End PBXProject section */

/* Begin PBXResourcesBuildPhase section */
		06320C3C14509DBB00C37973 /* Resources */ = {
			isa = PBXResourcesBuildPhase;
			buildActionMask = 2147483647;
			files = (
				06320C4D14509DBB00C37973 /* InfoPlist.strings in Resources */,
				06320C5614509DBB00C37973 /* MainStoryboard.storyboard in Resources */,
				F9E49B7318A3D3C700FAB88D /* cercle.png in Resources */,
				0A76A8B618ABBAB2008EB9A2 /* Default-568h@2x.png in Resources */,
				245FFA3E18AD1C2600796C14 /* Storyboard.storyboard in Resources */,
				2485AA4418BABBDE003F1B95 /* SquGridLandscape.png in Resources */,
				0A7CCCBB18BFC1CE009FF051 /* samples in Resources */,
			);
			runOnlyForDeploymentPostprocessing = 0;
		};
/* End PBXResourcesBuildPhase section */

/* Begin PBXSourcesBuildPhase section */
		06320C3A14509DBB00C37973 /* Sources */ = {
			isa = PBXSourcesBuildPhase;
			buildActionMask = 2147483647;
			files = (
				0A7F1E1618ACF8E000FDE5AC /* GraphParser.m in Sources */,
				06320C4F14509DBB00C37973 /* main.m in Sources */,
				06320C5314509DBB00C37973 /* AppDelegate.m in Sources */,
				06320C5914509DBB00C37973 /* ViewController.m in Sources */,
				0AC277CE18A429AC004863C8 /* GEXFParser.m in Sources */,
				0AC277CF18A429AC004863C8 /* GraphMLParser.m in Sources */,
				0AC277D018A429AD004863C8 /* XGMMLParser.m in Sources */,
				0AC277D918A42A24004863C8 /* Coord.m in Sources */,
				0AC277DA18A42A24004863C8 /* Edge.m in Sources */,
				0AC277DB18A42A24004863C8 /* Graph.m in Sources */,
				0AC277DC18A42A24004863C8 /* Vertex.m in Sources */,
				0A7DFEE718A7F7F60033D747 /* DrawableVertex.m in Sources */,
				0A816EC918A8278800BDF675 /* DrawableEntityFactory.m in Sources */,
				0A816ECD18A833D700BDF675 /* EntityFactory.m in Sources */,
				0A83D0FF18A9141A00767551 /* AbstractSaxParser.m in Sources */,
				248570FD18A97190000DAABD /* DrawableEdge.m in Sources */,
				24F49DE118ABCEAD00E28E8E /* EdgeView.m in Sources */,
				248CB68318ACF8BB00F11E43 /* VertexView.m in Sources */,
				0A7F1E1B18ACFCCA00FDE5AC /* DotDumper.m in Sources */,
				0A7EC5C918B266C100092297 /* RandomLayoutCreator.m in Sources */,
				0A7FE29A18B2C09B004BA9DD /* DijkstraAlgorithm.m in Sources */,
				0A84610318B4EA5200EB3FF0 /* DijkstraData.m in Sources */,
				0A84610F18B4F96100EB3FF0 /* PriorityQueue.m in Sources */,
				0A84611218B4FB2600EB3FF0 /* PriorityQueueItem.m in Sources */,
				247BDB1518B56E4C004FDF7B /* DrawableGraph.m in Sources */,
				0A83298818B62E9A008F1077 /* GreedyColoringAlgorithm.m in Sources */,
				0A823B9C18BA4AEB00B2D3BC /* Color.m in Sources */,
				0A7E5E0818BBF331002E2451 /* DijkstraInput.m in Sources */,
				0A7EFBAF18BE060E0019D4AC /* SVGDumper.m in Sources */,
				3CC0AC0518BF8B2A0082FFED /* GraphDisplayerViewController.m in Sources */,
				3CC0AC0818BF8B440082FFED /* MainMenuViewController.m in Sources */,
			);
			runOnlyForDeploymentPostprocessing = 0;
		};
/* End PBXSourcesBuildPhase section */

/* Begin PBXVariantGroup section */
		06320C4B14509DBB00C37973 /* InfoPlist.strings */ = {
			isa = PBXVariantGroup;
			children = (
				06320C4C14509DBB00C37973 /* en */,
			);
			name = InfoPlist.strings;
			sourceTree = "<group>";
		};
		06320C5414509DBB00C37973 /* MainStoryboard.storyboard */ = {
			isa = PBXVariantGroup;
			children = (
				06320C5514509DBB00C37973 /* en */,
			);
			name = MainStoryboard.storyboard;
			sourceTree = "<group>";
		};
/* End PBXVariantGroup section */

/* Begin XCBuildConfiguration section */
		06320C5A14509DBB00C37973 /* Debug */ = {
			isa = XCBuildConfiguration;
			buildSettings = {
				ALWAYS_SEARCH_USER_PATHS = NO;
				ARCHS = "$(ARCHS_STANDARD_32_BIT)";
				CLANG_ENABLE_OBJC_ARC = YES;
				CLANG_WARN_CONSTANT_CONVERSION = YES;
				CLANG_WARN_ENUM_CONVERSION = YES;
				CLANG_WARN_INT_CONVERSION = YES;
				CLANG_WARN__DUPLICATE_METHOD_MATCH = YES;
				"CODE_SIGN_IDENTITY[sdk=iphoneos*]" = "iPhone Developer";
				COPY_PHASE_STRIP = NO;
				GCC_C_LANGUAGE_STANDARD = gnu99;
				GCC_DYNAMIC_NO_PIC = NO;
				GCC_OPTIMIZATION_LEVEL = 0;
				GCC_PREPROCESSOR_DEFINITIONS = (
					"DEBUG=1",
					"$(inherited)",
				);
				GCC_SYMBOLS_PRIVATE_EXTERN = NO;
				GCC_VERSION = com.apple.compilers.llvm.clang.1_0;
				GCC_WARN_ABOUT_MISSING_PROTOTYPES = YES;
				GCC_WARN_ABOUT_RETURN_TYPE = YES;
				GCC_WARN_UNINITIALIZED_AUTOS = YES;
				GCC_WARN_UNUSED_VARIABLE = YES;
				IPHONEOS_DEPLOYMENT_TARGET = 5.0;
				SDKROOT = iphoneos;
			};
			name = Debug;
		};
		06320C5B14509DBB00C37973 /* Release */ = {
			isa = XCBuildConfiguration;
			buildSettings = {
				ALWAYS_SEARCH_USER_PATHS = NO;
				ARCHS = "$(ARCHS_STANDARD_32_BIT)";
				CLANG_ENABLE_OBJC_ARC = YES;
				CLANG_WARN_CONSTANT_CONVERSION = YES;
				CLANG_WARN_ENUM_CONVERSION = YES;
				CLANG_WARN_INT_CONVERSION = YES;
				CLANG_WARN__DUPLICATE_METHOD_MATCH = YES;
				"CODE_SIGN_IDENTITY[sdk=iphoneos*]" = "iPhone Developer";
				COPY_PHASE_STRIP = YES;
				GCC_C_LANGUAGE_STANDARD = gnu99;
				GCC_VERSION = com.apple.compilers.llvm.clang.1_0;
				GCC_WARN_ABOUT_MISSING_PROTOTYPES = YES;
				GCC_WARN_ABOUT_RETURN_TYPE = YES;
				GCC_WARN_UNINITIALIZED_AUTOS = YES;
				GCC_WARN_UNUSED_VARIABLE = YES;
				IPHONEOS_DEPLOYMENT_TARGET = 5.0;
				OTHER_CFLAGS = "-DNS_BLOCK_ASSERTIONS=1";
				SDKROOT = iphoneos;
				VALIDATE_PRODUCT = YES;
			};
			name = Release;
		};
		06320C5D14509DBB00C37973 /* Debug */ = {
			isa = XCBuildConfiguration;
			buildSettings = {
				CODE_SIGN_IDENTITY = "iPhone Developer";
				"CODE_SIGN_IDENTITY[sdk=iphoneos*]" = "iPhone Developer";
				GCC_PRECOMPILE_PREFIX_HEADER = YES;
				GCC_PREFIX_HEADER = "ver/ver-Prefix.pch";
				INFOPLIST_FILE = "ver/ver-Info.plist";
				IPHONEOS_DEPLOYMENT_TARGET = 6.1;
				PRODUCT_NAME = graphApp;
				PROVISIONING_PROFILE = "";
				TARGETED_DEVICE_FAMILY = 2;
				WRAPPER_EXTENSION = app;
			};
			name = Debug;
		};
		06320C5E14509DBB00C37973 /* Release */ = {
			isa = XCBuildConfiguration;
			buildSettings = {
				CODE_SIGN_IDENTITY = "iPhone Developer";
				"CODE_SIGN_IDENTITY[sdk=iphoneos*]" = "iPhone Developer";
				GCC_PRECOMPILE_PREFIX_HEADER = YES;
				GCC_PREFIX_HEADER = "ver/ver-Prefix.pch";
				INFOPLIST_FILE = "ver/ver-Info.plist";
				IPHONEOS_DEPLOYMENT_TARGET = 6.1;
				PRODUCT_NAME = graphApp;
				PROVISIONING_PROFILE = "";
				TARGETED_DEVICE_FAMILY = 2;
				WRAPPER_EXTENSION = app;
			};
			name = Release;
		};
/* End XCBuildConfiguration section */

/* Begin XCConfigurationList section */
		06320C3814509DBB00C37973 /* Build configuration list for PBXProject "ver" */ = {
			isa = XCConfigurationList;
			buildConfigurations = (
				06320C5A14509DBB00C37973 /* Debug */,
				06320C5B14509DBB00C37973 /* Release */,
			);
			defaultConfigurationIsVisible = 0;
			defaultConfigurationName = Release;
		};
		06320C5C14509DBB00C37973 /* Build configuration list for PBXNativeTarget "ver" */ = {
			isa = XCConfigurationList;
			buildConfigurations = (
				06320C5D14509DBB00C37973 /* Debug */,
				06320C5E14509DBB00C37973 /* Release */,
			);
			defaultConfigurationIsVisible = 0;
			defaultConfigurationName = Release;
		};
/* End XCConfigurationList section */
	};
	rootObject = 06320C3514509DBB00C37973 /* Project object */;
}
